
Microsoft Visual Studio Solution File, Format Version 12.00
# Visual Studio Version 17
VisualStudioVersion = 17.4.33110.190
MinimumVisualStudioVersion = 10.0.40219.1
Project("{FAE04EC0-301F-11D3-BF4B-00C04F79EFBC}") = "PW-Lab10 nowy", "PW-Lab10 nowy\PW-Lab10 nowy.csproj", "{130EE119-0B5B-4B94-87B7-300B678D2DAE}"
EndProject
Global
	GlobalSection(SolutionConfigurationPlatforms) = preSolution
		Debug|Any CPU = Debug|Any CPU
		Release|Any CPU = Release|Any CPU
	EndGlobalSection
	GlobalSection(ProjectConfigurationPlatforms) = postSolution
		{130EE119-0B5B-4B94-87B7-300B678D2DAE}.Debug|Any CPU.ActiveCfg = Debug|Any CPU
		{130EE119-0B5B-4B94-87B7-300B678D2DAE}.Debug|Any CPU.Build.0 = Debug|Any CPU
		{130EE119-0B5B-4B94-87B7-300B678D2DAE}.Release|Any CPU.ActiveCfg = Release|Any CPU
		{130EE119-0B5B-4B94-87B7-300B678D2DAE}.Release|Any CPU.Build.0 = Release|Any CPU
	EndGlobalSection
	GlobalSection(SolutionProperties) = preSolution
		HideSolutionNode = FALSE
	EndGlobalSection
	GlobalSection(ExtensibilityGlobals) = postSolution
		SolutionGuid = {C84A7302-D37D-4016-98CE-1C8D37FCD597}
	EndGlobalSection
EndGlobal
